
Microsoft Visual Studio Solution File, Format Version 12.00
# Visual Studio 15
VisualStudioVersion = 15.0.28307.329
MinimumVisualStudioVersion = 10.0.40219.1
Project("{FAE04EC0-301F-11D3-BF4B-00C04F79EFBC}") = "task2", "task2\task2.csproj", "{DA92C43B-3B48-4134-B7A3-AB92125B0E39}"
EndProject
Global
	GlobalSection(SolutionConfigurationPlatforms) = preSolution
		Debug|Any CPU = Debug|Any CPU
		Release|Any CPU = Release|Any CPU
	EndGlobalSection
	GlobalSection(ProjectConfigurationPlatforms) = postSolution
		{DA92C43B-3B48-4134-B7A3-AB92125B0E39}.Debug|Any CPU.ActiveCfg = Debug|Any CPU
		{DA92C43B-3B48-4134-B7A3-AB92125B0E39}.Debug|Any CPU.Build.0 = Debug|Any CPU
		{DA92C43B-3B48-4134-B7A3-AB92125B0E39}.Release|Any CPU.ActiveCfg = Release|Any CPU
		{DA92C43B-3B48-4134-B7A3-AB92125B0E39}.Release|Any CPU.Build.0 = Release|Any CPU
	EndGlobalSection
	GlobalSection(SolutionProperties) = preSolution
		HideSolutionNode = FALSE
	EndGlobalSection
	GlobalSection(ExtensibilityGlobals) = postSolution
		SolutionGuid = {EE97B4EC-C484-451B-AE1F-C3B78F3EF709}
	EndGlobalSection
EndGlobal
